dependencies:
  espressif/esp-nn:
    component_hash: d655eee0d597b1bfc12ff81efc49b835c1832a5521e1ff69691e50674399dbdc
    dependencies:
    - name: idf
      require: private
      version: '>=5.1'
    source:
      registry_url: https://components.espressif.com
      type: service
    version: 1.4.0
  espressif/esp-tflite-micro:
    component_hash: 1ce00c44af2362d48b5c0eefc5fcc60fa54d84db332c80005ae324556f4df0db
    dependencies:
    - name: espressif/esp-nn
      registry_url: https://components.espressif.com
      require: private
      version: '>=1.1.1'
    - name: idf
      require: private
      version: '>=5.1'
    source:
      registry_url: https://components.espressif.com/
      type: service
    version: 1.4.0
  idf:
    source:
      type: idf
    version: 5.5.5
direct_dependencies:
- espressif/esp-tflite-micro
- idf
manifest_hash: 00236ea3fa5f1735ba20efa8483a3011d322bc41512cb83aae8827cbbeffc9e3
target: esp32s3
version: 2.0.0
